
Microsoft Visual Studio Solution File, Format Version 12.00
# Visual Studio 15
VisualStudioVersion = 15.0.28307.757
MinimumVisualStudioVersion = 10.0.40219.1
Project("{FAE04EC0-301F-11D3-BF4B-00C04F79EFBC}") = "JDNianBot", "JDNianBot\JDNianBot.csproj", "{50C2CB66-3667-419B-9CE4-EF91BB339199}"
EndProject
Global
	GlobalSection(SolutionConfigurationPlatforms) = preSolution
		Debug|Any CPU = Debug|Any CPU
		Release|Any CPU = Release|Any CPU
	EndGlobalSection
	GlobalSection(ProjectConfigurationPlatforms) = postSolution
		{50C2CB66-3667-419B-9CE4-EF91BB339199}.Debug|Any CPU.ActiveCfg = Debug|Any CPU
		{50C2CB66-3667-419B-9CE4-EF91BB339199}.Debug|Any CPU.Build.0 = Debug|Any CPU
		{50C2CB66-3667-419B-9CE4-EF91BB339199}.Release|Any CPU.ActiveCfg = Release|Any CPU
		{50C2CB66-3667-419B-9CE4-EF91BB339199}.Release|Any CPU.Build.0 = Release|Any CPU
	EndGlobalSection
	GlobalSection(SolutionProperties) = preSolution
		HideSolutionNode = FALSE
	EndGlobalSection
	GlobalSection(ExtensibilityGlobals) = postSolution
		SolutionGuid = {B7D13459-0F63-4D09-9B28-D27D1CB485AB}
	EndGlobalSection
EndGlobal
